
Microsoft Visual Studio Solution File, Format Version 12.00
# Visual Studio Version 17
VisualStudioVersion = 17.4.33122.133
MinimumVisualStudioVersion = 10.0.40219.1
Project("{FAE04EC0-301F-11D3-BF4B-00C04F79EFBC}") = "MarketplaceApp.Domain", "MarketplaceApp.Domain\MarketplaceApp.Domain.csproj", "{B6E5C116-06AD-4D79-91C6-1208F8531895}"
EndProject
Project("{FAE04EC0-301F-11D3-BF4B-00C04F79EFBC}") = "MarketplaceApp.Data", "MarketplaceApp.Data\MarketplaceApp.Data.csproj", "{BBC8FB30-2D01-4E0A-A054-4CECA5C1BDC9}"
EndProject
Project("{FAE04EC0-301F-11D3-BF4B-00C04F79EFBC}") = "MarketplaceApp.Presentation", "MarketplaceApp.Presentation\MarketplaceApp.Presentation.csproj", "{D54E0DA1-6C76-4BF0-B3CB-585259E72AEB}"
EndProject
Global
	GlobalSection(SolutionConfigurationPlatforms) = preSolution
		Debug|Any CPU = Debug|Any CPU
		Release|Any CPU = Release|Any CPU
	EndGlobalSection
	GlobalSection(ProjectConfigurationPlatforms) = postSolution
		{B6E5C116-06AD-4D79-91C6-1208F8531895}.Debug|Any CPU.ActiveCfg = Debug|Any CPU
		{B6E5C116-06AD-4D79-91C6-1208F8531895}.Debug|Any CPU.Build.0 = Debug|Any CPU
		{B6E5C116-06AD-4D79-91C6-1208F8531895}.Release|Any CPU.ActiveCfg = Release|Any CPU
		{B6E5C116-06AD-4D79-91C6-1208F8531895}.Release|Any CPU.Build.0 = Release|Any CPU
		{BBC8FB30-2D01-4E0A-A054-4CECA5C1BDC9}.Debug|Any CPU.ActiveCfg = Debug|Any CPU
		{BBC8FB30-2D01-4E0A-A054-4CECA5C1BDC9}.Debug|Any CPU.Build.0 = Debug|Any CPU
		{BBC8FB30-2D01-4E0A-A054-4CECA5C1BDC9}.Release|Any CPU.ActiveCfg = Release|Any CPU
		{BBC8FB30-2D01-4E0A-A054-4CECA5C1BDC9}.Release|Any CPU.Build.0 = Release|Any CPU
		{D54E0DA1-6C76-4BF0-B3CB-585259E72AEB}.Debug|Any CPU.ActiveCfg = Debug|Any CPU
		{D54E0DA1-6C76-4BF0-B3CB-585259E72AEB}.Debug|Any CPU.Build.0 = Debug|Any CPU
		{D54E0DA1-6C76-4BF0-B3CB-585259E72AEB}.Release|Any CPU.ActiveCfg = Release|Any CPU
		{D54E0DA1-6C76-4BF0-B3CB-585259E72AEB}.Release|Any CPU.Build.0 = Release|Any CPU
	EndGlobalSection
	GlobalSection(SolutionProperties) = preSolution
		HideSolutionNode = FALSE
	EndGlobalSection
	GlobalSection(ExtensibilityGlobals) = postSolution
		SolutionGuid = {E1263B07-BD10-4577-9DA7-2976E590F9B0}
	EndGlobalSection
EndGlobal
